// !$*UTF8*$!
{
	archiveVersion = 1;
	classes = {
	};
	objectVersion = 46;
	objects = {

/* Begin PBXBuildFile section */
		E1096C5915CF835800D2E5D0 /* ImageView.xib in Resources */ = {isa = PBXBuildFile; fileRef = E1096C5815CF835800D2E5D0 /* ImageView.xib */; };
		E136C1CD15CFAAF5008F9954 /* RDImageView.m in Sources */ = {isa = PBXBuildFile; fileRef = E136C1CC15CFAAF5008F9954 /* RDImageView.m */; };
		E156A59F15D1BAF200728A28 /* RDContentContainer.m in Sources */ = {isa = PBXBuildFile; fileRef = E156A59E15D1BAF200728A28 /* RDContentContainer.m */; };
		E156A5A215D1BC1900728A28 /* RDContentToolbar.m in Sources */ = {isa = PBXBuildFile; fileRef = E156A5A115D1BC1900728A28 /* RDContentToolbar.m */; };
		E156A5A515D1BCE600728A28 /* content_toolbar_bg.png in Resources */ = {isa = PBXBuildFile; fileRef = E156A5A415D1BCE600728A28 /* content_toolbar_bg.png */; };
		E156A5AC15D1C58C00728A28 /* RDSidebarToolbar.m in Sources */ = {isa = PBXBuildFile; fileRef = E156A5AB15D1C58C00728A28 /* RDSidebarToolbar.m */; };
		E156A5AF15D1C5AE00728A28 /* RDSidebarContainer.m in Sources */ = {isa = PBXBuildFile; fileRef = E156A5AE15D1C5AE00728A28 /* RDSidebarContainer.m */; };
		E156A5B115D1C6E700728A28 /* sidebar_toolbar_bg.png in Resources */ = {isa = PBXBuildFile; fileRef = E156A5B015D1C6E700728A28 /* sidebar_toolbar_bg.png */; };
		E156A5B515D1C77700728A28 /* RDToolbar.m in Sources */ = {isa = PBXBuildFile; fileRef = E156A5B415D1C77700728A28 /* RDToolbar.m */; };
		E156A5BD15D1CB8D00728A28 /* close_button_on.png in Resources */ = {isa = PBXBuildFile; fileRef = E156A5BA15D1CB8D00728A28 /* close_button_on.png */; };
		E156A5BE15D1CB8D00728A28 /* maximize_button_on.png in Resources */ = {isa = PBXBuildFile; fileRef = E156A5BB15D1CB8D00728A28 /* maximize_button_on.png */; };
		E156A5BF15D1CB8D00728A28 /* minimize_button_on.png in Resources */ = {isa = PBXBuildFile; fileRef = E156A5BC15D1CB8D00728A28 /* minimize_button_on.png */; };
		E15B03631A40F18700690516 /* NSDictionary+QueryString.m in Sources */ = {isa = PBXBuildFile; fileRef = E15B03511A40F18700690516 /* NSDictionary+QueryString.m */; };
		E15B03641A40F18700690516 /* NSString+QueryString.m in Sources */ = {isa = PBXBuildFile; fileRef = E15B03531A40F18700690516 /* NSString+QueryString.m */; };
		E15B03651A40F18700690516 /* Reddit.xcdatamodel in Sources */ = {isa = PBXBuildFile; fileRef = E15B03541A40F18700690516 /* Reddit.xcdatamodel */; };
		E15B03661A40F18700690516 /* RKDefines.m in Sources */ = {isa = PBXBuildFile; fileRef = E15B03581A40F18700690516 /* RKDefines.m */; };
		E15B03671A40F18700690516 /* RKHTTPClient.m in Sources */ = {isa = PBXBuildFile; fileRef = E15B035A1A40F18700690516 /* RKHTTPClient.m */; };
		E15B03681A40F18700690516 /* RKLink.m in Sources */ = {isa = PBXBuildFile; fileRef = E15B035C1A40F18700690516 /* RKLink.m */; };
		E15B03691A40F18700690516 /* RKRemoteManagedObject.m in Sources */ = {isa = PBXBuildFile; fileRef = E15B035E1A40F18700690516 /* RKRemoteManagedObject.m */; };
		E15B036A1A40F18700690516 /* RKSubreddit.m in Sources */ = {isa = PBXBuildFile; fileRef = E15B03601A40F18700690516 /* RKSubreddit.m */; };
		E15B036B1A40F18700690516 /* RKUser.m in Sources */ = {isa = PBXBuildFile; fileRef = E15B03621A40F18700690516 /* RKUser.m */; };
		E15B386015CF9DC300B94795 /* Quartz.framework in Frameworks */ = {isa = PBXBuildFile; fileRef = E15B385F15CF9DC300B94795 /* Quartz.framework */; };
		E16902E815D22A2200F2F30F /* RDOutlineView.m in Sources */ = {isa = PBXBuildFile; fileRef = E16902E715D22A2200F2F30F /* RDOutlineView.m */; };
		E176FECC15D0DBA700E44574 /* WebView.xib in Resources */ = {isa = PBXBuildFile; fileRef = E176FECB15D0DBA700E44574 /* WebView.xib */; };
		E176FECE15D0DC7D00E44574 /* WebKit.framework in Frameworks */ = {isa = PBXBuildFile; fileRef = E176FECD15D0DC7D00E44574 /* WebKit.framework */; };
		E176FED115D0DCC700E44574 /* RDWebViewController.m in Sources */ = {isa = PBXBuildFile; fileRef = E176FED015D0DCC700E44574 /* RDWebViewController.m */; };
		E17CF17515CF36FF008B62F9 /* Reddit.xcdatamodeld in Sources */ = {isa = PBXBuildFile; fileRef = E17CF17315CF36FF008B62F9 /* Reddit.xcdatamodeld */; };
		E181C2BA15D0654700170FAC /* RDWindow.m in Sources */ = {isa = PBXBuildFile; fileRef = E181C2B915D0654700170FAC /* RDWindow.m */; };
		E181C2BD15D066A800170FAC /* RDWindowFrame.m in Sources */ = {isa = PBXBuildFile; fileRef = E181C2BC15D066A800170FAC /* RDWindowFrame.m */; };
		E1A5BA8215D4EF6400307EB9 /* RDLoginWindowController.m in Sources */ = {isa = PBXBuildFile; fileRef = E1A5BA8015D4EF6400307EB9 /* RDLoginWindowController.m */; };
		E1A5BA8315D4EF6400307EB9 /* RDLoginWindowController.xib in Resources */ = {isa = PBXBuildFile; fileRef = E1A5BA8115D4EF6400307EB9 /* RDLoginWindowController.xib */; };
		E1A5BA8D15D4F14600307EB9 /* QuartzCore.framework in Frameworks */ = {isa = PBXBuildFile; fileRef = E1512D5D15CF79E300E5C885 /* QuartzCore.framework */; };
		E1C22AB015D20B3D00657BA0 /* RDWindowController.m in Sources */ = {isa = PBXBuildFile; fileRef = E1C22AAE15D20B3D00657BA0 /* RDWindowController.m */; };
		E1C22AB115D20B3D00657BA0 /* RDWindowController.xib in Resources */ = {isa = PBXBuildFile; fileRef = E1C22AAF15D20B3D00657BA0 /* RDWindowController.xib */; };
		E1C4FB9D15D3471300F4E056 /* RDOutlineViewChildFieldCell.m in Sources */ = {isa = PBXBuildFile; fileRef = E1C4FB9C15D3471300F4E056 /* RDOutlineViewChildFieldCell.m */; };
		E1C4FBA015D34F7900F4E056 /* RDOutlineViewHeaderFieldCell.m in Sources */ = {isa = PBXBuildFile; fileRef = E1C4FB9F15D34F7900F4E056 /* RDOutlineViewHeaderFieldCell.m */; };
		E1E7785915CC9914008F7736 /* Cocoa.framework in Frameworks */ = {isa = PBXBuildFile; fileRef = E1E7785815CC9914008F7736 /* Cocoa.framework */; };
		E1E7786315CC9914008F7736 /* InfoPlist.strings in Resources */ = {isa = PBXBuildFile; fileRef = E1E7786115CC9914008F7736 /* InfoPlist.strings */; };
		E1E7786515CC9914008F7736 /* main.m in Sources */ = {isa = PBXBuildFile; fileRef = E1E7786415CC9914008F7736 /* main.m */; };
		E1E7786915CC9914008F7736 /* Credits.rtf in Resources */ = {isa = PBXBuildFile; fileRef = E1E7786715CC9914008F7736 /* Credits.rtf */; };
		E1E7786C15CC9914008F7736 /* AppDelegate.m in Sources */ = {isa = PBXBuildFile; fileRef = E1E7786B15CC9914008F7736 /* AppDelegate.m */; };
		E1E7786F15CC9914008F7736 /* MainMenu.xib in Resources */ = {isa = PBXBuildFile; fileRef = E1E7786D15CC9914008F7736 /* MainMenu.xib */; };
		E9E63F8219C02BAF59FF89A2 /* libPods.a in Frameworks */ = {isa = PBXBuildFile; fileRef = 2A1A648DD65F1DD026E4B131 /* libPods.a */; };
/* End PBXBuildFile section */

/* Begin PBXFileReference section */
		2A1A648DD65F1DD026E4B131 /* libPods.a */ = {isa = PBXFileReference; explicitFileType = archive.ar; includeInIndex = 0; path = libPods.a; sourceTree = BUILT_PRODUCTS_DIR; };
		58D430C4A35DDA2D378F847F /* Pods.release.xcconfig */ = {isa = PBXFileReference; includeInIndex = 1; lastKnownFileType = text.xcconfig; name = Pods.release.xcconfig; path = "Pods/Target Support Files/Pods/Pods.release.xcconfig"; sourceTree = "<group>"; };
		841524A7239CEBF55C930EF8 /* Pods.debug.xcconfig */ = {isa = PBXFileReference; includeInIndex = 1; lastKnownFileType = text.xcconfig; name = Pods.debug.xcconfig; path = "Pods/Target Support Files/Pods/Pods.debug.xcconfig"; sourceTree = "<group>"; };
		E1096C5815CF835800D2E5D0 /* ImageView.xib */ = {isa = PBXFileReference; fileEncoding = 4; lastKnownFileType = file.xib; path = ImageView.xib; sourceTree = "<group>"; };
		E136C1CB15CFAAF5008F9954 /* RDImageView.h */ = {isa = PBXFileReference; fileEncoding = 4; lastKnownFileType = sourcecode.c.h; path = RDImageView.h; sourceTree = "<group>"; };
		E136C1CC15CFAAF5008F9954 /* RDImageView.m */ = {isa = PBXFileReference; fileEncoding = 4; lastKnownFileType = sourcecode.c.objc; path = RDImageView.m; sourceTree = "<group>"; };
		E1512D5D15CF79E300E5C885 /* QuartzCore.framework */ = {isa = PBXFileReference; lastKnownFileType = wrapper.framework; name = QuartzCore.framework; path = System/Library/Frameworks/QuartzCore.framework; sourceTree = SDKROOT; };
		E156A59D15D1BAF200728A28 /* RDContentContainer.h */ = {isa = PBXFileReference; fileEncoding = 4; lastKnownFileType = sourcecode.c.h; path = RDContentContainer.h; sourceTree = "<group>"; };
		E156A59E15D1BAF200728A28 /* RDContentContainer.m */ = {isa = PBXFileReference; fileEncoding = 4; lastKnownFileType = sourcecode.c.objc; path = RDContentContainer.m; sourceTree = "<group>"; };
		E156A5A015D1BC1900728A28 /* RDContentToolbar.h */ = {isa = PBXFileReference; fileEncoding = 4; lastKnownFileType = sourcecode.c.h; path = RDContentToolbar.h; sourceTree = "<group>"; };
		E156A5A115D1BC1900728A28 /* RDContentToolbar.m */ = {isa = PBXFileReference; fileEncoding = 4; lastKnownFileType = sourcecode.c.objc; path = RDContentToolbar.m; sourceTree = "<group>"; };
		E156A5A415D1BCE600728A28 /* content_toolbar_bg.png */ = {isa = PBXFileReference; lastKnownFileType = image.png; name = content_toolbar_bg.png; path = Resources/content_toolbar_bg.png; sourceTree = "<group>"; };
		E156A5AA15D1C58C00728A28 /* RDSidebarToolbar.h */ = {isa = PBXFileReference; fileEncoding = 4; lastKnownFileType = sourcecode.c.h; path = RDSidebarToolbar.h; sourceTree = "<group>"; };
		E156A5AB15D1C58C00728A28 /* RDSidebarToolbar.m */ = {isa = PBXFileReference; fileEncoding = 4; lastKnownFileType = sourcecode.c.objc; path = RDSidebarToolbar.m; sourceTree = "<group>"; };
		E156A5AD15D1C5AE00728A28 /* RDSidebarContainer.h */ = {isa = PBXFileReference; fileEncoding = 4; lastKnownFileType = sourcecode.c.h; path = RDSidebarContainer.h; sourceTree = "<group>"; };
		E156A5AE15D1C5AE00728A28 /* RDSidebarContainer.m */ = {isa = PBXFileReference; fileEncoding = 4; lastKnownFileType = sourcecode.c.objc; path = RDSidebarContainer.m; sourceTree = "<group>"; };
		E156A5B015D1C6E700728A28 /* sidebar_toolbar_bg.png */ = {isa = PBXFileReference; lastKnownFileType = image.png; name = sidebar_toolbar_bg.png; path = Resources/sidebar_toolbar_bg.png; sourceTree = "<group>"; };
		E156A5B315D1C77700728A28 /* RDToolbar.h */ = {isa = PBXFileReference; fileEncoding = 4; lastKnownFileType = sourcecode.c.h; path = RDToolbar.h; sourceTree = "<group>"; };
		E156A5B415D1C77700728A28 /* RDToolbar.m */ = {isa = PBXFileReference; fileEncoding = 4; lastKnownFileType = sourcecode.c.objc; path = RDToolbar.m; sourceTree = "<group>"; };
		E156A5BA15D1CB8D00728A28 /* close_button_on.png */ = {isa = PBXFileReference; lastKnownFileType = image.png; name = close_button_on.png; path = Resources/close_button_on.png; sourceTree = "<group>"; };
		E156A5BB15D1CB8D00728A28 /* maximize_button_on.png */ = {isa = PBXFileReference; lastKnownFileType = image.png; name = maximize_button_on.png; path = Resources/maximize_button_on.png; sourceTree = "<group>"; };
		E156A5BC15D1CB8D00728A28 /* minimize_button_on.png */ = {isa = PBXFileReference; lastKnownFileType = image.png; name = minimize_button_on.png; path = Resources/minimize_button_on.png; sourceTree = "<group>"; };
		E15B03501A40F18700690516 /* NSDictionary+QueryString.h */ = {isa = PBXFileReference; fileEncoding = 4; lastKnownFileType = sourcecode.c.h; name = "NSDictionary+QueryString.h"; path = "vendor/RedditKit/RedditKit/NSDictionary+QueryString.h"; sourceTree = SOURCE_ROOT; };
		E15B03511A40F18700690516 /* NSDictionary+QueryString.m */ = {isa = PBXFileReference; fileEncoding = 4; lastKnownFileType = sourcecode.c.objc; name = "NSDictionary+QueryString.m"; path = "vendor/RedditKit/RedditKit/NSDictionary+QueryString.m"; sourceTree = SOURCE_ROOT; };
		E15B03521A40F18700690516 /* NSString+QueryString.h */ = {isa = PBXFileReference; fileEncoding = 4; lastKnownFileType = sourcecode.c.h; name = "NSString+QueryString.h"; path = "vendor/RedditKit/RedditKit/NSString+QueryString.h"; sourceTree = SOURCE_ROOT; };
		E15B03531A40F18700690516 /* NSString+QueryString.m */ = {isa = PBXFileReference; fileEncoding = 4; lastKnownFileType = sourcecode.c.objc; name = "NSString+QueryString.m"; path = "vendor/RedditKit/RedditKit/NSString+QueryString.m"; sourceTree = SOURCE_ROOT; };
		E15B03541A40F18700690516 /* Reddit.xcdatamodel */ = {isa = PBXFileReference; lastKnownFileType = wrapper.xcdatamodel; name = Reddit.xcdatamodel; path = vendor/RedditKit/RedditKit/Reddit.xcdatamodel; sourceTree = SOURCE_ROOT; };
		E15B03551A40F18700690516 /* RedditKit-Prefix.pch */ = {isa = PBXFileReference; fileEncoding = 4; lastKnownFileType = sourcecode.c.h; name = "RedditKit-Prefix.pch"; path = "vendor/RedditKit/RedditKit/RedditKit-Prefix.pch"; sourceTree = SOURCE_ROOT; };
		E15B03561A40F18700690516 /* RedditKit.h */ = {isa = PBXFileReference; fileEncoding = 4; lastKnownFileType = sourcecode.c.h; name = RedditKit.h; path = vendor/RedditKit/RedditKit/RedditKit.h; sourceTree = SOURCE_ROOT; };
		E15B03571A40F18700690516 /* RKDefines.h */ = {isa = PBXFileReference; fileEncoding = 4; lastKnownFileType = sourcecode.c.h; name = RKDefines.h; path = vendor/RedditKit/RedditKit/RKDefines.h; sourceTree = SOURCE_ROOT; };
		E15B03581A40F18700690516 /* RKDefines.m */ = {isa = PBXFileReference; fileEncoding = 4; lastKnownFileType = sourcecode.c.objc; name = RKDefines.m; path = vendor/RedditKit/RedditKit/RKDefines.m; sourceTree = SOURCE_ROOT; };
		E15B03591A40F18700690516 /* RKHTTPClient.h */ = {isa = PBXFileReference; fileEncoding = 4; lastKnownFileType = sourcecode.c.h; name = RKHTTPClient.h; path = vendor/RedditKit/RedditKit/RKHTTPClient.h; sourceTree = SOURCE_ROOT; };
		E15B035A1A40F18700690516 /* RKHTTPClient.m */ = {isa = PBXFileReference; fileEncoding = 4; lastKnownFileType = sourcecode.c.objc; name = RKHTTPClient.m; path = vendor/RedditKit/RedditKit/RKHTTPClient.m; sourceTree = SOURCE_ROOT; };
		E15B035B1A40F18700690516 /* RKLink.h */ = {isa = PBXFileReference; fileEncoding = 4; lastKnownFileType = sourcecode.c.h; name = RKLink.h; path = vendor/RedditKit/RedditKit/RKLink.h; sourceTree = SOURCE_ROOT; };
		E15B035C1A40F18700690516 /* RKLink.m */ = {isa = PBXFileReference; fileEncoding = 4; lastKnownFileType = sourcecode.c.objc; name = RKLink.m; path = vendor/RedditKit/RedditKit/RKLink.m; sourceTree = SOURCE_ROOT; };
		E15B035D1A40F18700690516 /* RKRemoteManagedObject.h */ = {isa = PBXFileReference; fileEncoding = 4; lastKnownFileType = sourcecode.c.h; name = RKRemoteManagedObject.h; path = vendor/RedditKit/RedditKit/RKRemoteManagedObject.h; sourceTree = SOURCE_ROOT; };
		E15B035E1A40F18700690516 /* RKRemoteManagedObject.m */ = {isa = PBXFileReference; fileEncoding = 4; lastKnownFileType = sourcecode.c.objc; name = RKRemoteManagedObject.m; path = vendor/RedditKit/RedditKit/RKRemoteManagedObject.m; sourceTree = SOURCE_ROOT; };
		E15B035F1A40F18700690516 /* RKSubreddit.h */ = {isa = PBXFileReference; fileEncoding = 4; lastKnownFileType = sourcecode.c.h; name = RKSubreddit.h; path = vendor/RedditKit/RedditKit/RKSubreddit.h; sourceTree = SOURCE_ROOT; };
		E15B03601A40F18700690516 /* RKSubreddit.m */ = {isa = PBXFileReference; fileEncoding = 4; lastKnownFileType = sourcecode.c.objc; name = RKSubreddit.m; path = vendor/RedditKit/RedditKit/RKSubreddit.m; sourceTree = SOURCE_ROOT; };
		E15B03611A40F18700690516 /* RKUser.h */ = {isa = PBXFileReference; fileEncoding = 4; lastKnownFileType = sourcecode.c.h; name = RKUser.h; path = vendor/RedditKit/RedditKit/RKUser.h; sourceTree = SOURCE_ROOT; };
		E15B03621A40F18700690516 /* RKUser.m */ = {isa = PBXFileReference; fileEncoding = 4; lastKnownFileType = sourcecode.c.objc; name = RKUser.m; path = vendor/RedditKit/RedditKit/RKUser.m; sourceTree = SOURCE_ROOT; };
		E15B385F15CF9DC300B94795 /* Quartz.framework */ = {isa = PBXFileReference; lastKnownFileType = wrapper.framework; name = Quartz.framework; path = System/Library/Frameworks/Quartz.framework; sourceTree = SDKROOT; };
		E16902E615D22A2200F2F30F /* RDOutlineView.h */ = {isa = PBXFileReference; fileEncoding = 4; lastKnownFileType = sourcecode.c.h; path = RDOutlineView.h; sourceTree = "<group>"; };
		E16902E715D22A2200F2F30F /* RDOutlineView.m */ = {isa = PBXFileReference; fileEncoding = 4; lastKnownFileType = sourcecode.c.objc; path = RDOutlineView.m; sourceTree = "<group>"; };
		E176FECB15D0DBA700E44574 /* WebView.xib */ = {isa = PBXFileReference; fileEncoding = 4; lastKnownFileType = file.xib; path = WebView.xib; sourceTree = "<group>"; };
		E176FECD15D0DC7D00E44574 /* WebKit.framework */ = {isa = PBXFileReference; lastKnownFileType = wrapper.framework; name = WebKit.framework; path = System/Library/Frameworks/WebKit.framework; sourceTree = SDKROOT; };
		E176FECF15D0DCC700E44574 /* RDWebViewController.h */ = {isa = PBXFileReference; fileEncoding = 4; lastKnownFileType = sourcecode.c.h; path = RDWebViewController.h; sourceTree = "<group>"; };
		E176FED015D0DCC700E44574 /* RDWebViewController.m */ = {isa = PBXFileReference; fileEncoding = 4; lastKnownFileType = sourcecode.c.objc; path = RDWebViewController.m; sourceTree = "<group>"; };
		E17CF17415CF36FF008B62F9 /* Reddit.xcdatamodel */ = {isa = PBXFileReference; lastKnownFileType = wrapper.xcdatamodel; path = Reddit.xcdatamodel; sourceTree = "<group>"; };
		E181C2B815D0654700170FAC /* RDWindow.h */ = {isa = PBXFileReference; fileEncoding = 4; lastKnownFileType = sourcecode.c.h; path = RDWindow.h; sourceTree = "<group>"; };
		E181C2B915D0654700170FAC /* RDWindow.m */ = {isa = PBXFileReference; fileEncoding = 4; lastKnownFileType = sourcecode.c.objc; path = RDWindow.m; sourceTree = "<group>"; };
		E181C2BB15D066A800170FAC /* RDWindowFrame.h */ = {isa = PBXFileReference; fileEncoding = 4; lastKnownFileType = sourcecode.c.h; path = RDWindowFrame.h; sourceTree = "<group>"; };
		E181C2BC15D066A800170FAC /* RDWindowFrame.m */ = {isa = PBXFileReference; fileEncoding = 4; lastKnownFileType = sourcecode.c.objc; path = RDWindowFrame.m; sourceTree = "<group>"; };
		E1A5BA7F15D4EF6400307EB9 /* RDLoginWindowController.h */ = {isa = PBXFileReference; fileEncoding = 4; lastKnownFileType = sourcecode.c.h; path = RDLoginWindowController.h; sourceTree = "<group>"; };
		E1A5BA8015D4EF6400307EB9 /* RDLoginWindowController.m */ = {isa = PBXFileReference; fileEncoding = 4; lastKnownFileType = sourcecode.c.objc; path = RDLoginWindowController.m; sourceTree = "<group>"; };
		E1A5BA8115D4EF6400307EB9 /* RDLoginWindowController.xib */ = {isa = PBXFileReference; fileEncoding = 4; lastKnownFileType = file.xib; path = RDLoginWindowController.xib; sourceTree = "<group>"; };
		E1C22AAD15D20B3D00657BA0 /* RDWindowController.h */ = {isa = PBXFileReference; fileEncoding = 4; lastKnownFileType = sourcecode.c.h; name = RDWindowController.h; path = ../RDWindowController.h; sourceTree = "<group>"; };
		E1C22AAE15D20B3D00657BA0 /* RDWindowController.m */ = {isa = PBXFileReference; fileEncoding = 4; lastKnownFileType = sourcecode.c.objc; name = RDWindowController.m; path = ../RDWindowController.m; sourceTree = "<group>"; };
		E1C22AAF15D20B3D00657BA0 /* RDWindowController.xib */ = {isa = PBXFileReference; fileEncoding = 4; lastKnownFileType = file.xib; name = RDWindowController.xib; path = ../RDWindowController.xib; sourceTree = "<group>"; };
		E1C4FB9B15D3471300F4E056 /* RDOutlineViewChildFieldCell.h */ = {isa = PBXFileReference; fileEncoding = 4; lastKnownFileType = sourcecode.c.h; path = RDOutlineViewChildFieldCell.h; sourceTree = "<group>"; };
		E1C4FB9C15D3471300F4E056 /* RDOutlineViewChildFieldCell.m */ = {isa = PBXFileReference; fileEncoding = 4; lastKnownFileType = sourcecode.c.objc; path = RDOutlineViewChildFieldCell.m; sourceTree = "<group>"; };
		E1C4FB9E15D34F7900F4E056 /* RDOutlineViewHeaderFieldCell.h */ = {isa = PBXFileReference; fileEncoding = 4; lastKnownFileType = sourcecode.c.h; path = RDOutlineViewHeaderFieldCell.h; sourceTree = "<group>"; };
		E1C4FB9F15D34F7900F4E056 /* RDOutlineViewHeaderFieldCell.m */ = {isa = PBXFileReference; fileEncoding = 4; lastKnownFileType = sourcecode.c.objc; path = RDOutlineViewHeaderFieldCell.m; sourceTree = "<group>"; };
		E1E7785415CC9914008F7736 /* RedditKitTest.app */ = {isa = PBXFileReference; explicitFileType = wrapper.application; includeInIndex = 0; path = RedditKitTest.app; sourceTree = BUILT_PRODUCTS_DIR; };
		E1E7785815CC9914008F7736 /* Cocoa.framework */ = {isa = PBXFileReference; lastKnownFileType = wrapper.framework; name = Cocoa.framework; path = System/Library/Frameworks/Cocoa.framework; sourceTree = SDKROOT; };
		E1E7785B15CC9914008F7736 /* AppKit.framework */ = {isa = PBXFileReference; lastKnownFileType = wrapper.framework; name = AppKit.framework; path = System/Library/Frameworks/AppKit.framework; sourceTree = SDKROOT; };
		E1E7785C15CC9914008F7736 /* CoreData.framework */ = {isa = PBXFileReference; lastKnownFileType = wrapper.framework; name = CoreData.framework; path = System/Library/Frameworks/CoreData.framework; sourceTree = SDKROOT; };
		E1E7785D15CC9914008F7736 /* Foundation.framework */ = {isa = PBXFileReference; lastKnownFileType = wrapper.framework; name = Foundation.framework; path = System/Library/Frameworks/Foundation.framework; sourceTree = SDKROOT; };
		E1E7786015CC9914008F7736 /* RedditKitTest-Info.plist */ = {isa = PBXFileReference; lastKnownFileType = text.plist.xml; path = "RedditKitTest-Info.plist"; sourceTree = "<group>"; };
		E1E7786215CC9914008F7736 /* en */ = {isa = PBXFileReference; lastKnownFileType = text.plist.strings; name = en; path = en.lproj/InfoPlist.strings; sourceTree = "<group>"; };
		E1E7786415CC9914008F7736 /* main.m */ = {isa = PBXFileReference; lastKnownFileType = sourcecode.c.objc; path = main.m; sourceTree = "<group>"; };
		E1E7786615CC9914008F7736 /* RedditKitTest-Prefix.pch */ = {isa = PBXFileReference; lastKnownFileType = sourcecode.c.h; path = "RedditKitTest-Prefix.pch"; sourceTree = "<group>"; };
		E1E7786815CC9914008F7736 /* en */ = {isa = PBXFileReference; lastKnownFileType = text.rtf; name = en; path = en.lproj/Credits.rtf; sourceTree = "<group>"; };
		E1E7786A15CC9914008F7736 /* AppDelegate.h */ = {isa = PBXFileReference; lastKnownFileType = sourcecode.c.h; path = AppDelegate.h; sourceTree = "<group>"; };
		E1E7786B15CC9914008F7736 /* AppDelegate.m */ = {isa = PBXFileReference; lastKnownFileType = sourcecode.c.objc; path = AppDelegate.m; sourceTree = "<group>"; };
		E1E7786E15CC9914008F7736 /* en */ = {isa = PBXFileReference; lastKnownFileType = file.xib; name = en; path = en.lproj/MainMenu.xib; sourceTree = "<group>"; };
/* End PBXFileReference section */

/* Begin PBXFrameworksBuildPhase section */
		E1E7785115CC9914008F7736 /* Frameworks */ = {
			isa = PBXFrameworksBuildPhase;
			buildActionMask = 2147483647;
			files = (
				E1A5BA8D15D4F14600307EB9 /* QuartzCore.framework in Frameworks */,
				E176FECE15D0DC7D00E44574 /* WebKit.framework in Frameworks */,
				E15B386015CF9DC300B94795 /* Quartz.framework in Frameworks */,
				E1E7785915CC9914008F7736 /* Cocoa.framework in Frameworks */,
				E9E63F8219C02BAF59FF89A2 /* libPods.a in Frameworks */,
			);
			runOnlyForDeploymentPostprocessing = 0;
		};
/* End PBXFrameworksBuildPhase section */

/* Begin PBXGroup section */
		6BF6B444B5C13F25C87314D4 /* Pods */ = {
			isa = PBXGroup;
			children = (
				841524A7239CEBF55C930EF8 /* Pods.debug.xcconfig */,
				58D430C4A35DDA2D378F847F /* Pods.release.xcconfig */,
			);
			name = Pods;
			sourceTree = "<group>";
		};
		E10AFF6B15CC9C1A003F8ED7 /* RedditKit */ = {
			isa = PBXGroup;
			children = (
				E15B03501A40F18700690516 /* NSDictionary+QueryString.h */,
				E15B03511A40F18700690516 /* NSDictionary+QueryString.m */,
				E15B03521A40F18700690516 /* NSString+QueryString.h */,
				E15B03531A40F18700690516 /* NSString+QueryString.m */,
				E15B03541A40F18700690516 /* Reddit.xcdatamodel */,
				E15B03551A40F18700690516 /* RedditKit-Prefix.pch */,
				E15B03561A40F18700690516 /* RedditKit.h */,
				E15B03571A40F18700690516 /* RKDefines.h */,
				E15B03581A40F18700690516 /* RKDefines.m */,
				E15B03591A40F18700690516 /* RKHTTPClient.h */,
				E15B035A1A40F18700690516 /* RKHTTPClient.m */,
				E15B035B1A40F18700690516 /* RKLink.h */,
				E15B035C1A40F18700690516 /* RKLink.m */,
				E15B035D1A40F18700690516 /* RKRemoteManagedObject.h */,
				E15B035E1A40F18700690516 /* RKRemoteManagedObject.m */,
				E15B035F1A40F18700690516 /* RKSubreddit.h */,
				E15B03601A40F18700690516 /* RKSubreddit.m */,
				E15B03611A40F18700690516 /* RKUser.h */,
				E15B03621A40F18700690516 /* RKUser.m */,
			);
			name = RedditKit;
			sourceTree = "<group>";
		};
		E156A5A315D1BCC900728A28 /* Resources */ = {
			isa = PBXGroup;
			children = (
				E156A5A415D1BCE600728A28 /* content_toolbar_bg.png */,
				E156A5B015D1C6E700728A28 /* sidebar_toolbar_bg.png */,
				E156A5BA15D1CB8D00728A28 /* close_button_on.png */,
				E156A5BB15D1CB8D00728A28 /* maximize_button_on.png */,
				E156A5BC15D1CB8D00728A28 /* minimize_button_on.png */,
			);
			name = Resources;
			sourceTree = "<group>";
		};
		E156A5A815D1C56A00728A28 /* RDContent */ = {
			isa = PBXGroup;
			children = (
				E156A59D15D1BAF200728A28 /* RDContentContainer.h */,
				E156A59E15D1BAF200728A28 /* RDContentContainer.m */,
				E156A5A015D1BC1900728A28 /* RDContentToolbar.h */,
				E156A5A115D1BC1900728A28 /* RDContentToolbar.m */,
			);
			name = RDContent;
			sourceTree = "<group>";
		};
		E156A5A915D1C57C00728A28 /* RDSidebar */ = {
			isa = PBXGroup;
			children = (
				E156A5AD15D1C5AE00728A28 /* RDSidebarContainer.h */,
				E156A5AE15D1C5AE00728A28 /* RDSidebarContainer.m */,
				E156A5AA15D1C58C00728A28 /* RDSidebarToolbar.h */,
				E156A5AB15D1C58C00728A28 /* RDSidebarToolbar.m */,
			);
			name = RDSidebar;
			sourceTree = "<group>";
		};
		E156A5B215D1C75B00728A28 /* RDWindow */ = {
			isa = PBXGroup;
			children = (
				E181C2B815D0654700170FAC /* RDWindow.h */,
				E181C2B915D0654700170FAC /* RDWindow.m */,
				E181C2BB15D066A800170FAC /* RDWindowFrame.h */,
				E181C2BC15D066A800170FAC /* RDWindowFrame.m */,
				E156A5B315D1C77700728A28 /* RDToolbar.h */,
				E156A5B415D1C77700728A28 /* RDToolbar.m */,
			);
			name = RDWindow;
			sourceTree = "<group>";
		};
		E1E7784915CC9914008F7736 = {
			isa = PBXGroup;
			children = (
				E1E7785E15CC9914008F7736 /* RedditKitTest */,
				E1E7785715CC9914008F7736 /* Frameworks */,
				E1E7785515CC9914008F7736 /* Products */,
				E1E7788515CC993B008F7736 /* Vendor */,
				6BF6B444B5C13F25C87314D4 /* Pods */,
			);
			sourceTree = "<group>";
		};
		E1E7785515CC9914008F7736 /* Products */ = {
			isa = PBXGroup;
			children = (
				E1E7785415CC9914008F7736 /* RedditKitTest.app */,
			);
			name = Products;
			sourceTree = "<group>";
		};
		E1E7785715CC9914008F7736 /* Frameworks */ = {
			isa = PBXGroup;
			children = (
				E176FECD15D0DC7D00E44574 /* WebKit.framework */,
				E1E7785815CC9914008F7736 /* Cocoa.framework */,
				E1E7785A15CC9914008F7736 /* Other Frameworks */,
				2A1A648DD65F1DD026E4B131 /* libPods.a */,
			);
			name = Frameworks;
			sourceTree = "<group>";
		};
		E1E7785A15CC9914008F7736 /* Other Frameworks */ = {
			isa = PBXGroup;
			children = (
				E15B385F15CF9DC300B94795 /* Quartz.framework */,
				E1512D5D15CF79E300E5C885 /* QuartzCore.framework */,
				E1E7785B15CC9914008F7736 /* AppKit.framework */,
				E1E7785C15CC9914008F7736 /* CoreData.framework */,
				E1E7785D15CC9914008F7736 /* Foundation.framework */,
			);
			name = "Other Frameworks";
			sourceTree = "<group>";
		};
		E1E7785E15CC9914008F7736 /* RedditKitTest */ = {
			isa = PBXGroup;
			children = (
				E1E7786A15CC9914008F7736 /* AppDelegate.h */,
				E1E7786B15CC9914008F7736 /* AppDelegate.m */,
				E1C22AAD15D20B3D00657BA0 /* RDWindowController.h */,
				E1C22AAE15D20B3D00657BA0 /* RDWindowController.m */,
				E1A5BA7F15D4EF6400307EB9 /* RDLoginWindowController.h */,
				E1A5BA8015D4EF6400307EB9 /* RDLoginWindowController.m */,
				E16902E615D22A2200F2F30F /* RDOutlineView.h */,
				E16902E715D22A2200F2F30F /* RDOutlineView.m */,
				E1C4FB9E15D34F7900F4E056 /* RDOutlineViewHeaderFieldCell.h */,
				E1C4FB9F15D34F7900F4E056 /* RDOutlineViewHeaderFieldCell.m */,
				E1C4FB9C15D3471300F4E056 /* RDOutlineViewChildFieldCell.m */,
				E1C4FB9B15D3471300F4E056 /* RDOutlineViewChildFieldCell.h */,
				E1C22AAF15D20B3D00657BA0 /* RDWindowController.xib */,
				E1A5BA8115D4EF6400307EB9 /* RDLoginWindowController.xib */,
				E156A5B215D1C75B00728A28 /* RDWindow */,
				E156A5A815D1C56A00728A28 /* RDContent */,
				E156A5A915D1C57C00728A28 /* RDSidebar */,
				E136C1CB15CFAAF5008F9954 /* RDImageView.h */,
				E136C1CC15CFAAF5008F9954 /* RDImageView.m */,
				E176FECF15D0DCC700E44574 /* RDWebViewController.h */,
				E176FED015D0DCC700E44574 /* RDWebViewController.m */,
				E1E7786D15CC9914008F7736 /* MainMenu.xib */,
				E1096C5815CF835800D2E5D0 /* ImageView.xib */,
				E176FECB15D0DBA700E44574 /* WebView.xib */,
				E156A5A315D1BCC900728A28 /* Resources */,
				E1E7785F15CC9914008F7736 /* Supporting Files */,
			);
			path = RedditKitTest;
			sourceTree = "<group>";
		};
		E1E7785F15CC9914008F7736 /* Supporting Files */ = {
			isa = PBXGroup;
			children = (
				E17CF17315CF36FF008B62F9 /* Reddit.xcdatamodeld */,
				E1E7786015CC9914008F7736 /* RedditKitTest-Info.plist */,
				E1E7786115CC9914008F7736 /* InfoPlist.strings */,
				E1E7786415CC9914008F7736 /* main.m */,
				E1E7786615CC9914008F7736 /* RedditKitTest-Prefix.pch */,
				E1E7786715CC9914008F7736 /* Credits.rtf */,
			);
			name = "Supporting Files";
			sourceTree = "<group>";
		};
		E1E7788515CC993B008F7736 /* Vendor */ = {
			isa = PBXGroup;
			children = (
				E10AFF6B15CC9C1A003F8ED7 /* RedditKit */,
			);
			name = Vendor;
			path = RedditKitTest;
			sourceTree = "<group>";
		};
/* End PBXGroup section */

/* Begin PBXNativeTarget section */
		E1E7785315CC9914008F7736 /* RedditKitTest */ = {
			isa = PBXNativeTarget;
			buildConfigurationList = E1E7787515CC9914008F7736 /* Build configuration list for PBXNativeTarget "RedditKitTest" */;
			buildPhases = (
				B7CF68FC9E36B1B9AC4799C2 /* Check Pods Manifest.lock */,
				E1E7785015CC9914008F7736 /* Sources */,
				E1E7785115CC9914008F7736 /* Frameworks */,
				E1E7785215CC9914008F7736 /* Resources */,
				E820462FD222759660D43C64 /* Copy Pods Resources */,
			);
			buildRules = (
			);
			dependencies = (
			);
			name = RedditKitTest;
			productName = RedditKitTest;
			productReference = E1E7785415CC9914008F7736 /* RedditKitTest.app */;
			productType = "com.apple.product-type.application";
		};
/* End PBXNativeTarget section */

/* Begin PBXProject section */
		E1E7784B15CC9914008F7736 /* Project object */ = {
			isa = PBXProject;
			attributes = {
				CLASSPREFIX = RD;
				LastUpgradeCheck = 0610;
				ORGANIZATIONNAME = "Robert Dougan";
			};
			buildConfigurationList = E1E7784E15CC9914008F7736 /* Build configuration list for PBXProject "RedditKitTest" */;
			compatibilityVersion = "Xcode 3.2";
			developmentRegion = English;
			hasScannedForEncodings = 0;
			knownRegions = (
				en,
			);
			mainGroup = E1E7784915CC9914008F7736;
			productRefGroup = E1E7785515CC9914008F7736 /* Products */;
			projectDirPath = "";
			projectRoot = "";
			targets = (
				E1E7785315CC9914008F7736 /* RedditKitTest */,
			);
		};
/* End PBXProject section */

/* Begin PBXResourcesBuildPhase section */
		E1E7785215CC9914008F7736 /* Resources */ = {
			isa = PBXResourcesBuildPhase;
			buildActionMask = 2147483647;
			files = (
				E1E7786315CC9914008F7736 /* InfoPlist.strings in Resources */,
				E1E7786915CC9914008F7736 /* Credits.rtf in Resources */,
				E1E7786F15CC9914008F7736 /* MainMenu.xib in Resources */,
				E1096C5915CF835800D2E5D0 /* ImageView.xib in Resources */,
				E176FECC15D0DBA700E44574 /* WebView.xib in Resources */,
				E156A5A515D1BCE600728A28 /* content_toolbar_bg.png in Resources */,
				E156A5B115D1C6E700728A28 /* sidebar_toolbar_bg.png in Resources */,
				E156A5BD15D1CB8D00728A28 /* close_button_on.png in Resources */,
				E156A5BE15D1CB8D00728A28 /* maximize_button_on.png in Resources */,
				E156A5BF15D1CB8D00728A28 /* minimize_button_on.png in Resources */,
				E1C22AB115D20B3D00657BA0 /* RDWindowController.xib in Resources */,
				E1A5BA8315D4EF6400307EB9 /* RDLoginWindowController.xib in Resources */,
			);
			runOnlyForDeploymentPostprocessing = 0;
		};
/* End PBXResourcesBuildPhase section */

/* Begin PBXShellScriptBuildPhase section */
		B7CF68FC9E36B1B9AC4799C2 /* Check Pods Manifest.lock */ = {
			isa = PBXShellScriptBuildPhase;
			buildActionMask = 2147483647;
			files = (
			);
			inputPaths = (
			);
			name = "Check Pods Manifest.lock";
			outputPaths = (
			);
			runOnlyForDeploymentPostprocessing = 0;
			shellPath = /bin/sh;
			shellScript = "diff \"${PODS_ROOT}/../Podfile.lock\" \"${PODS_ROOT}/Manifest.lock\" > /dev/null\nif [[ $? != 0 ]] ; then\n    cat << EOM\nerror: The sandbox is not in sync with the Podfile.lock. Run 'pod install' or update your CocoaPods installation.\nEOM\n    exit 1\nfi\n";
			showEnvVarsInLog = 0;
		};
		E820462FD222759660D43C64 /* Copy Pods Resources */ = {
			isa = PBXShellScriptBuildPhase;
			buildActionMask = 2147483647;
			files = (
			);
			inputPaths = (
			);
			name = "Copy Pods Resources";
			outputPaths = (
			);
			runOnlyForDeploymentPostprocessing = 0;
			shellPath = /bin/sh;
			shellScript = "\"${SRCROOT}/Pods/Target Support Files/Pods/Pods-resources.sh\"\n";
			showEnvVarsInLog = 0;
		};
/* End PBXShellScriptBuildPhase section */

/* Begin PBXSourcesBuildPhase section */
		E1E7785015CC9914008F7736 /* Sources */ = {
			isa = PBXSourcesBuildPhase;
			buildActionMask = 2147483647;
			files = (
				E1E7786515CC9914008F7736 /* main.m in Sources */,
				E1E7786C15CC9914008F7736 /* AppDelegate.m in Sources */,
				E17CF17515CF36FF008B62F9 /* Reddit.xcdatamodeld in Sources */,
				E136C1CD15CFAAF5008F9954 /* RDImageView.m in Sources */,
				E181C2BA15D0654700170FAC /* RDWindow.m in Sources */,
				E181C2BD15D066A800170FAC /* RDWindowFrame.m in Sources */,
				E176FED115D0DCC700E44574 /* RDWebViewController.m in Sources */,
				E15B03641A40F18700690516 /* NSString+QueryString.m in Sources */,
				E156A59F15D1BAF200728A28 /* RDContentContainer.m in Sources */,
				E156A5A215D1BC1900728A28 /* RDContentToolbar.m in Sources */,
				E15B036A1A40F18700690516 /* RKSubreddit.m in Sources */,
				E15B03651A40F18700690516 /* Reddit.xcdatamodel in Sources */,
				E156A5AC15D1C58C00728A28 /* RDSidebarToolbar.m in Sources */,
				E156A5AF15D1C5AE00728A28 /* RDSidebarContainer.m in Sources */,
				E156A5B515D1C77700728A28 /* RDToolbar.m in Sources */,
				E1C22AB015D20B3D00657BA0 /* RDWindowController.m in Sources */,
				E15B03691A40F18700690516 /* RKRemoteManagedObject.m in Sources */,
				E15B03671A40F18700690516 /* RKHTTPClient.m in Sources */,
				E16902E815D22A2200F2F30F /* RDOutlineView.m in Sources */,
				E15B03631A40F18700690516 /* NSDictionary+QueryString.m in Sources */,
				E15B03681A40F18700690516 /* RKLink.m in Sources */,
				E1C4FB9D15D3471300F4E056 /* RDOutlineViewChildFieldCell.m in Sources */,
				E15B03661A40F18700690516 /* RKDefines.m in Sources */,
				E15B036B1A40F18700690516 /* RKUser.m in Sources */,
				E1C4FBA015D34F7900F4E056 /* RDOutlineViewHeaderFieldCell.m in Sources */,
				E1A5BA8215D4EF6400307EB9 /* RDLoginWindowController.m in Sources */,
			);
			runOnlyForDeploymentPostprocessing = 0;
		};
/* End PBXSourcesBuildPhase section */

/* Begin PBXVariantGroup section */
		E1E7786115CC9914008F7736 /* InfoPlist.strings */ = {
			isa = PBXVariantGroup;
			children = (
				E1E7786215CC9914008F7736 /* en */,
			);
			name = InfoPlist.strings;
			sourceTree = "<group>";
		};
		E1E7786715CC9914008F7736 /* Credits.rtf */ = {
			isa = PBXVariantGroup;
			children = (
				E1E7786815CC9914008F7736 /* en */,
			);
			name = Credits.rtf;
			sourceTree = "<group>";
		};
		E1E7786D15CC9914008F7736 /* MainMenu.xib */ = {
			isa = PBXVariantGroup;
			children = (
				E1E7786E15CC9914008F7736 /* en */,
			);
			name = MainMenu.xib;
			sourceTree = "<group>";
		};
/* End PBXVariantGroup section */

/* Begin XCBuildConfiguration section */
		E1E7787315CC9914008F7736 /* Debug */ = {
			isa = XCBuildConfiguration;
			buildSettings = {
				ALWAYS_SEARCH_USER_PATHS = NO;
				CLANG_CXX_LANGUAGE_STANDARD = "gnu++0x";
				CLANG_ENABLE_OBJC_ARC = YES;
				CLANG_WARN__DUPLICATE_METHOD_MATCH = YES;
				COPY_PHASE_STRIP = NO;
				GCC_C_LANGUAGE_STANDARD = gnu99;
				GCC_DYNAMIC_NO_PIC = NO;
				GCC_ENABLE_OBJC_EXCEPTIONS = YES;
				GCC_OPTIMIZATION_LEVEL = 0;
				GCC_PREPROCESSOR_DEFINITIONS = (
					"DEBUG=1",
					"$(inherited)",
				);
				GCC_SYMBOLS_PRIVATE_EXTERN = NO;
				GCC_WARN_64_TO_32_BIT_CONVERSION = YES;
				GCC_WARN_ABOUT_RETURN_TYPE = YES;
				GCC_WARN_UNINITIALIZED_AUTOS = YES;
				GCC_WARN_UNUSED_VARIABLE = YES;
				MACOSX_DEPLOYMENT_TARGET = 10.8;
				ONLY_ACTIVE_ARCH = YES;
				SDKROOT = macosx;
			};
			name = Debug;
		};
		E1E7787415CC9914008F7736 /* Release */ = {
			isa = XCBuildConfiguration;
			buildSettings = {
				ALWAYS_SEARCH_USER_PATHS = NO;
				CLANG_CXX_LANGUAGE_STANDARD = "gnu++0x";
				CLANG_ENABLE_OBJC_ARC = YES;
				CLANG_WARN__DUPLICATE_METHOD_MATCH = YES;
				COPY_PHASE_STRIP = YES;
				DEBUG_INFORMATION_FORMAT = "dwarf-with-dsym";
				GCC_C_LANGUAGE_STANDARD = gnu99;
				GCC_ENABLE_OBJC_EXCEPTIONS = YES;
				GCC_WARN_64_TO_32_BIT_CONVERSION = YES;
				GCC_WARN_ABOUT_RETURN_TYPE = YES;
				GCC_WARN_UNINITIALIZED_AUTOS = YES;
				GCC_WARN_UNUSED_VARIABLE = YES;
				MACOSX_DEPLOYMENT_TARGET = 10.8;
				SDKROOT = macosx;
			};
			name = Release;
		};
		E1E7787615CC9914008F7736 /* Debug */ = {
			isa = XCBuildConfiguration;
			baseConfigurationReference = 841524A7239CEBF55C930EF8 /* Pods.debug.xcconfig */;
			buildSettings = {
				COMBINE_HIDPI_IMAGES = YES;
				FRAMEWORK_SEARCH_PATHS = (
					"$(inherited)",
					"$(SRCROOT)/Vendor",
				);
				GCC_PRECOMPILE_PREFIX_HEADER = YES;
				GCC_PREFIX_HEADER = "RedditKitTest/RedditKitTest-Prefix.pch";
				HEADER_SEARCH_PATHS = (
					"$(SRCROOT)/Vendor/RedditKit/**",
					"$(inherited)",
				);
				INFOPLIST_FILE = "RedditKitTest/RedditKitTest-Info.plist";
				PRODUCT_NAME = "$(TARGET_NAME)";
				WRAPPER_EXTENSION = app;
			};
			name = Debug;
		};
		E1E7787715CC9914008F7736 /* Release */ = {
			isa = XCBuildConfiguration;
			baseConfigurationReference = 58D430C4A35DDA2D378F847F /* Pods.release.xcconfig */;
			buildSettings = {
				COMBINE_HIDPI_IMAGES = YES;
				FRAMEWORK_SEARCH_PATHS = (
					"$(inherited)",
					"$(SRCROOT)/Vendor",
				);
				GCC_PRECOMPILE_PREFIX_HEADER = YES;
				GCC_PREFIX_HEADER = "RedditKitTest/RedditKitTest-Prefix.pch";
				HEADER_SEARCH_PATHS = (
					"$(SRCROOT)/Vendor/RedditKit/**",
					"$(inherited)",
				);
				INFOPLIST_FILE = "RedditKitTest/RedditKitTest-Info.plist";
				PRODUCT_NAME = "$(TARGET_NAME)";
				WRAPPER_EXTENSION = app;
			};
			name = Release;
		};
/* End XCBuildConfiguration section */

/* Begin XCConfigurationList section */
		E1E7784E15CC9914008F7736 /* Build configuration list for PBXProject "RedditKitTest" */ = {
			isa = XCConfigurationList;
			buildConfigurations = (
				E1E7787315CC9914008F7736 /* Debug */,
				E1E7787415CC9914008F7736 /* Release */,
			);
			defaultConfigurationIsVisible = 0;
			defaultConfigurationName = Release;
		};
		E1E7787515CC9914008F7736 /* Build configuration list for PBXNativeTarget "RedditKitTest" */ = {
			isa = XCConfigurationList;
			buildConfigurations = (
				E1E7787615CC9914008F7736 /* Debug */,
				E1E7787715CC9914008F7736 /* Release */,
			);
			defaultConfigurationIsVisible = 0;
			defaultConfigurationName = Release;
		};
/* End XCConfigurationList section */

/* Begin XCVersionGroup section */
		E17CF17315CF36FF008B62F9 /* Reddit.xcdatamodeld */ = {
			isa = XCVersionGroup;
			children = (
				E17CF17415CF36FF008B62F9 /* Reddit.xcdatamodel */,
			);
			currentVersion = E17CF17415CF36FF008B62F9 /* Reddit.xcdatamodel */;
			name = Reddit.xcdatamodeld;
			path = ../Vendor/RedditKit/RedditKit/Reddit.xcdatamodeld;
			sourceTree = "<group>";
			versionGroupType = wrapper.xcdatamodel;
		};
/* End XCVersionGroup section */
	};
	rootObject = E1E7784B15CC9914008F7736 /* Project object */;
}
